{
  "nodes": {
    "darwin": {
      "inputs": {
        "nixpkgs": [
          "nixpkgs"
        ]
      },
      "locked": {
        "lastModified": 1692248770,
        "narHash": "sha256-tZeFpETKQGbgnaSIO1AGWD27IyTcBm4D+A9d7ulQ4NM=",
        "owner": "lnl7",
        "repo": "nix-darwin",
        "rev": "511177ffe8226c78c9cf6a92a7b5f2df3684956b",
        "type": "github"
      },
      "original": {
        "owner": "lnl7",
        "repo": "nix-darwin",
        "type": "github"
      }
    },
    "emacs-overlay": {
      "inputs": {
        "flake-utils": "flake-utils",
        "nixpkgs": "nixpkgs",
        "nixpkgs-stable": "nixpkgs-stable"
      },
      "locked": {
        "lastModified": 1694340916,
        "narHash": "sha256-v7tfzIfKwrjYmLmp9qZYRXpFvd9PIn2OJc2jGzhI3Y8=",
        "owner": "nix-community",
        "repo": "emacs-overlay",
        "rev": "40fcebc368859916fa886b550d75cc70af106e7b",
        "type": "github"
      },
      "original": {
        "owner": "nix-community",
        "repo": "emacs-overlay",
        "type": "github"
      }
    },
    "flake-utils": {
      "inputs": {
        "systems": "systems"
      },
      "locked": {
        "lastModified": 1692799911,
        "narHash": "sha256-3eihraek4qL744EvQXsK1Ha6C3CR7nnT8X2qWap4RNk=",
        "owner": "numtide",
        "repo": "flake-utils",
        "rev": "f9e7cf818399d17d347f847525c5a5a8032e4e44",
        "type": "github"
      },
      "original": {
        "owner": "numtide",
        "repo": "flake-utils",
        "type": "github"
      }
    },
    "nixpkgs": {
      "locked": {
        "lastModified": 1694183432,
        "narHash": "sha256-YyPGNapgZNNj51ylQMw9lAgvxtM2ai1HZVUu3GS8Fng=",
        "owner": "NixOS",
        "repo": "nixpkgs",
        "rev": "db9208ab987cdeeedf78ad9b4cf3c55f5ebd269b",
        "type": "github"
      },
      "original": {
        "owner": "NixOS",
        "ref": "nixos-unstable",
        "repo": "nixpkgs",
        "type": "github"
      }
    },
    "nixpkgs-stable": {
      "locked": {
        "lastModified": 1694211700,
        "narHash": "sha256-ZYok+zqYorC6M/qtrnPVB9IHFWi2TzjlHLW/orMu0No=",
        "owner": "NixOS",
        "repo": "nixpkgs",
        "rev": "73e1976309fc789706b9f306407e9e7622a57d25",
        "type": "github"
      },
      "original": {
        "owner": "NixOS",
        "ref": "nixos-23.05",
        "repo": "nixpkgs",
        "type": "github"
      }
    },
    "nixpkgs-unstable": {
      "locked": {
        "lastModified": 1694183432,
        "narHash": "sha256-YyPGNapgZNNj51ylQMw9lAgvxtM2ai1HZVUu3GS8Fng=",
        "owner": "nixos",
        "repo": "nixpkgs",
        "rev": "db9208ab987cdeeedf78ad9b4cf3c55f5ebd269b",
        "type": "github"
      },
      "original": {
        "owner": "nixos",
        "ref": "nixos-unstable",
        "repo": "nixpkgs",
        "type": "github"
      }
    },
    "nixpkgs_2": {
      "locked": {
        "lastModified": 1694211700,
        "narHash": "sha256-ZYok+zqYorC6M/qtrnPVB9IHFWi2TzjlHLW/orMu0No=",
        "owner": "nixos",
        "repo": "nixpkgs",
        "rev": "73e1976309fc789706b9f306407e9e7622a57d25",
        "type": "github"
      },
      "original": {
        "owner": "nixos",
        "ref": "nixos-23.05",
        "repo": "nixpkgs",
        "type": "github"
      }
    },
    "root": {
      "inputs": {
        "darwin": "darwin",
        "emacs-overlay": "emacs-overlay",
        "nixpkgs": "nixpkgs_2",
        "nixpkgs-unstable": "nixpkgs-unstable"
      }
    },
    "systems": {
      "locked": {
        "lastModified": 1681028828,
        "narHash": "sha256-Vy1rq5AaRuLzOxct8nz4T6wlgyUR7zLU309k9mBC768=",
        "owner": "nix-systems",
        "repo": "default",
        "rev": "da67096a3b9bf56a91d16901293e51ba5b49a27e",
        "type": "github"
      },
      "original": {
        "owner": "nix-systems",
        "repo": "default",
        "type": "github"
      }
    }
  },
  "root": "root",
  "version": 7
}
